
Microsoft Visual Studio Solution File, Format Version 12.00
# Visual Studio Version 16
VisualStudioVersion = 16.0.30225.117
MinimumVisualStudioVersion = 10.0.40219.1
Project("{FAE04EC0-301F-11D3-BF4B-00C04F79EFBC}") = "01.Bombs", "01.AdvancedExam28June2020\01.Bombs.csproj", "{125A7BA8-55B9-44CE-9539-1C94E40679A5}"
EndProject
Project("{FAE04EC0-301F-11D3-BF4B-00C04F79EFBC}") = "02.Snake", "02.Snake\02.Snake.csproj", "{C6D74746-E0A8-4010-81B7-B951F2CC6FA0}"
EndProject
Global
	GlobalSection(SolutionConfigurationPlatforms) = preSolution
		Debug|Any CPU = Debug|Any CPU
		Release|Any CPU = Release|Any CPU
	EndGlobalSection
	GlobalSection(ProjectConfigurationPlatforms) = postSolution
		{125A7BA8-55B9-44CE-9539-1C94E40679A5}.Debug|Any CPU.ActiveCfg = Debug|Any CPU
		{125A7BA8-55B9-44CE-9539-1C94E40679A5}.Debug|Any CPU.Build.0 = Debug|Any CPU
		{125A7BA8-55B9-44CE-9539-1C94E40679A5}.Release|Any CPU.ActiveCfg = Release|Any CPU
		{125A7BA8-55B9-44CE-9539-1C94E40679A5}.Release|Any CPU.Build.0 = Release|Any CPU
		{C6D74746-E0A8-4010-81B7-B951F2CC6FA0}.Debug|Any CPU.ActiveCfg = Debug|Any CPU
		{C6D74746-E0A8-4010-81B7-B951F2CC6FA0}.Debug|Any CPU.Build.0 = Debug|Any CPU
		{C6D74746-E0A8-4010-81B7-B951F2CC6FA0}.Release|Any CPU.ActiveCfg = Release|Any CPU
		{C6D74746-E0A8-4010-81B7-B951F2CC6FA0}.Release|Any CPU.Build.0 = Release|Any CPU
	EndGlobalSection
	GlobalSection(SolutionProperties) = preSolution
		HideSolutionNode = FALSE
	EndGlobalSection
	GlobalSection(ExtensibilityGlobals) = postSolution
		SolutionGuid = {2C26A6E2-B11F-4A2E-8459-0ADAE2CEE1D3}
	EndGlobalSection
EndGlobal
